
Microsoft Visual Studio Solution File, Format Version 12.00
# Visual Studio 15
VisualStudioVersion = 15.0.28307.421
MinimumVisualStudioVersion = 10.0.40219.1
Project("{FAE04EC0-301F-11D3-BF4B-00C04F79EFBC}") = "MultiCube", "MultiCube\MultiCube.csproj", "{CAC92F4E-1632-4AFB-BA1F-306069889ABB}"
EndProject
Global
	GlobalSection(SolutionConfigurationPlatforms) = preSolution
		Debug|Any CPU = Debug|Any CPU
		Release|Any CPU = Release|Any CPU
	EndGlobalSection
	GlobalSection(ProjectConfigurationPlatforms) = postSolution
		{CAC92F4E-1632-4AFB-BA1F-306069889ABB}.Release|Any CPU.ActiveCfg = Release|Any CPU
		{CAC92F4E-1632-4AFB-BA1F-306069889ABB}.Release|Any CPU.Build.0 = Release|Any CPU
		{CAC92F4E-1632-4AFB-BA1F-306069889ABB}.Debug|Any CPU.ActiveCfg = Debug|Any CPU
		{CAC92F4E-1632-4AFB-BA1F-306069889ABB}.Debug|Any CPU.Build.0 = Debug|Any CPU
		{CAC92F4E-1632-4AFB-BA1F-306069889ABB}.Release|Any CPU.Deploy.0 = Release|Any CPU
	EndGlobalSection
	GlobalSection(SolutionProperties) = preSolution
		HideSolutionNode = FALSE
	EndGlobalSection
	GlobalSection(ExtensibilityGlobals) = postSolution
		SolutionGuid = {609D2461-32BA-4BC2-925B-C4A11C801B6C}
	EndGlobalSection
EndGlobal
